
Microsoft Visual Studio Solution File, Format Version 12.00
# Visual Studio 2015
Project("{FAE04EC0-301F-11D3-BF4B-00C04F79EFBC}") = "Monody.Plugins", "Monody.Plugins.csproj", "{46EC5CB9-171B-F1C3-2A54-CDFD0812E284}"
EndProject
Project("{FAE04EC0-301F-11D3-BF4B-00C04F79EFBC}") = "Monody", "Monody.csproj", "{00FE7BD3-1F89-211F-3295-01E8E5753FC3}"
EndProject
Project("{FAE04EC0-301F-11D3-BF4B-00C04F79EFBC}") = "Monody.Editor", "Monody.Editor.csproj", "{EDD887F5-0057-132D-1DCF-75DC749434F6}"
EndProject
Global
	GlobalSection(SolutionConfigurationPlatforms) = preSolution
		Debug|Any CPU = Debug|Any CPU
		Release|Any CPU = Release|Any CPU
	EndGlobalSection
	GlobalSection(ProjectConfigurationPlatforms) = postSolution
		{46EC5CB9-171B-F1C3-2A54-CDFD0812E284}.Debug|Any CPU.ActiveCfg = Debug|Any CPU
		{46EC5CB9-171B-F1C3-2A54-CDFD0812E284}.Debug|Any CPU.Build.0 = Debug|Any CPU
		{46EC5CB9-171B-F1C3-2A54-CDFD0812E284}.Release|Any CPU.ActiveCfg = Release|Any CPU
		{46EC5CB9-171B-F1C3-2A54-CDFD0812E284}.Release|Any CPU.Build.0 = Release|Any CPU
		{00FE7BD3-1F89-211F-3295-01E8E5753FC3}.Debug|Any CPU.ActiveCfg = Debug|Any CPU
		{00FE7BD3-1F89-211F-3295-01E8E5753FC3}.Debug|Any CPU.Build.0 = Debug|Any CPU
		{00FE7BD3-1F89-211F-3295-01E8E5753FC3}.Release|Any CPU.ActiveCfg = Release|Any CPU
		{00FE7BD3-1F89-211F-3295-01E8E5753FC3}.Release|Any CPU.Build.0 = Release|Any CPU
		{EDD887F5-0057-132D-1DCF-75DC749434F6}.Debug|Any CPU.ActiveCfg = Debug|Any CPU
		{EDD887F5-0057-132D-1DCF-75DC749434F6}.Debug|Any CPU.Build.0 = Debug|Any CPU
		{EDD887F5-0057-132D-1DCF-75DC749434F6}.Release|Any CPU.ActiveCfg = Release|Any CPU
		{EDD887F5-0057-132D-1DCF-75DC749434F6}.Release|Any CPU.Build.0 = Release|Any CPU
	EndGlobalSection
	GlobalSection(SolutionProperties) = preSolution
		HideSolutionNode = FALSE
	EndGlobalSection
EndGlobal
